
Microsoft Visual Studio Solution File, Format Version 12.00
# Visual Studio Version 17
VisualStudioVersion = 17.7.34031.279
MinimumVisualStudioVersion = 10.0.40219.1
Project("{9A19103F-16F7-4668-BE54-9A1E7A4F7556}") = "MyPlc2", "MyPlc2.csproj", "{023D0AB3-69DC-4B85-AAA4-A70DB56C31C1}"
EndProject
Project("{9A19103F-16F7-4668-BE54-9A1E7A4F7556}") = "Historical", "..\Historical\Historical.csproj", "{70E9A39B-82B9-4750-82B2-10111E53624D}"
EndProject
Global
	GlobalSection(SolutionConfigurationPlatforms) = preSolution
		Debug|Any CPU = Debug|Any CPU
		Release|Any CPU = Release|Any CPU
	EndGlobalSection
	GlobalSection(ProjectConfigurationPlatforms) = postSolution
		{023D0AB3-69DC-4B85-AAA4-A70DB56C31C1}.Debug|Any CPU.ActiveCfg = Debug|Any CPU
		{023D0AB3-69DC-4B85-AAA4-A70DB56C31C1}.Debug|Any CPU.Build.0 = Debug|Any CPU
		{023D0AB3-69DC-4B85-AAA4-A70DB56C31C1}.Release|Any CPU.ActiveCfg = Release|Any CPU
		{023D0AB3-69DC-4B85-AAA4-A70DB56C31C1}.Release|Any CPU.Build.0 = Release|Any CPU
		{70E9A39B-82B9-4750-82B2-10111E53624D}.Debug|Any CPU.ActiveCfg = Debug|Any CPU
		{70E9A39B-82B9-4750-82B2-10111E53624D}.Debug|Any CPU.Build.0 = Debug|Any CPU
		{70E9A39B-82B9-4750-82B2-10111E53624D}.Release|Any CPU.ActiveCfg = Release|Any CPU
		{70E9A39B-82B9-4750-82B2-10111E53624D}.Release|Any CPU.Build.0 = Release|Any CPU
	EndGlobalSection
	GlobalSection(SolutionProperties) = preSolution
		HideSolutionNode = FALSE
	EndGlobalSection
	GlobalSection(ExtensibilityGlobals) = postSolution
		SolutionGuid = {12A1ACF2-FCB8-45C0-A95D-CF483142AE27}
	EndGlobalSection
EndGlobal
